
Microsoft Visual Studio Solution File, Format Version 12.00
# Visual Studio Version 17
VisualStudioVersion = 17.9.34728.123
MinimumVisualStudioVersion = 10.0.40219.1
Project("{FAE04EC0-301F-11D3-BF4B-00C04F79EFBC}") = "MVCProject", "MVCProject\MVCProject.csproj", "{B37B3118-540B-4DC2-8CFF-77396E501539}"
EndProject
Global
	GlobalSection(SolutionConfigurationPlatforms) = preSolution
		Debug|Any CPU = Debug|Any CPU
		Release|Any CPU = Release|Any CPU
	EndGlobalSection
	GlobalSection(ProjectConfigurationPlatforms) = postSolution
		{B37B3118-540B-4DC2-8CFF-77396E501539}.Debug|Any CPU.ActiveCfg = Debug|Any CPU
		{B37B3118-540B-4DC2-8CFF-77396E501539}.Debug|Any CPU.Build.0 = Debug|Any CPU
		{B37B3118-540B-4DC2-8CFF-77396E501539}.Release|Any CPU.ActiveCfg = Release|Any CPU
		{B37B3118-540B-4DC2-8CFF-77396E501539}.Release|Any CPU.Build.0 = Release|Any CPU
	EndGlobalSection
	GlobalSection(SolutionProperties) = preSolution
		HideSolutionNode = FALSE
	EndGlobalSection
	GlobalSection(ExtensibilityGlobals) = postSolution
		SolutionGuid = {5EE6DA17-5951-4789-AF9F-A20559818180}
	EndGlobalSection
EndGlobal
